
Microsoft Visual Studio Solution File, Format Version 12.00
# Visual Studio Version 17
VisualStudioVersion = 17.11.35327.3
MinimumVisualStudioVersion = 10.0.40219.1
Project("{FAE04EC0-301F-11D3-BF4B-00C04F79EFBC}") = "AppBS", "AppBS\AppBS\AppBS.csproj", "{0199A5AB-0D7B-436A-8B13-94A7E38E557A}"
EndProject
Project("{FAE04EC0-301F-11D3-BF4B-00C04F79EFBC}") = "AppBS.Client", "AppBS\AppBS.Client\AppBS.Client.csproj", "{BF40D425-1F7B-49BD-BB8E-5E8A394E519C}"
EndProject
Project("{FAE04EC0-301F-11D3-BF4B-00C04F79EFBC}") = "AppBS.Shared", "AppBS.Shared\AppBS.Shared.csproj", "{5516DDD4-EC71-4B2D-915A-669D390B71D1}"
EndProject
Global
	GlobalSection(SolutionConfigurationPlatforms) = preSolution
		Debug|Any CPU = Debug|Any CPU
		Release|Any CPU = Release|Any CPU
	EndGlobalSection
	GlobalSection(ProjectConfigurationPlatforms) = postSolution
		{0199A5AB-0D7B-436A-8B13-94A7E38E557A}.Debug|Any CPU.ActiveCfg = Debug|Any CPU
		{0199A5AB-0D7B-436A-8B13-94A7E38E557A}.Debug|Any CPU.Build.0 = Debug|Any CPU
		{0199A5AB-0D7B-436A-8B13-94A7E38E557A}.Release|Any CPU.ActiveCfg = Release|Any CPU
		{0199A5AB-0D7B-436A-8B13-94A7E38E557A}.Release|Any CPU.Build.0 = Release|Any CPU
		{BF40D425-1F7B-49BD-BB8E-5E8A394E519C}.Debug|Any CPU.ActiveCfg = Debug|Any CPU
		{BF40D425-1F7B-49BD-BB8E-5E8A394E519C}.Debug|Any CPU.Build.0 = Debug|Any CPU
		{BF40D425-1F7B-49BD-BB8E-5E8A394E519C}.Release|Any CPU.ActiveCfg = Release|Any CPU
		{BF40D425-1F7B-49BD-BB8E-5E8A394E519C}.Release|Any CPU.Build.0 = Release|Any CPU
		{5516DDD4-EC71-4B2D-915A-669D390B71D1}.Debug|Any CPU.ActiveCfg = Debug|Any CPU
		{5516DDD4-EC71-4B2D-915A-669D390B71D1}.Debug|Any CPU.Build.0 = Debug|Any CPU
		{5516DDD4-EC71-4B2D-915A-669D390B71D1}.Release|Any CPU.ActiveCfg = Release|Any CPU
		{5516DDD4-EC71-4B2D-915A-669D390B71D1}.Release|Any CPU.Build.0 = Release|Any CPU
	EndGlobalSection
	GlobalSection(SolutionProperties) = preSolution
		HideSolutionNode = FALSE
	EndGlobalSection
	GlobalSection(ExtensibilityGlobals) = postSolution
		SolutionGuid = {23D4381E-7F35-4896-885D-69AB6E1E195C}
	EndGlobalSection
EndGlobal
